
Microsoft Visual Studio Solution File, Format Version 12.00
# Visual Studio Version 17
VisualStudioVersion = 17.8.34525.116
MinimumVisualStudioVersion = 10.0.40219.1
Project("{FAE04EC0-301F-11D3-BF4B-00C04F79EFBC}") = "MVCIntroDemo", "MVCIntroDemo\MVCIntroDemo.csproj", "{359E18DB-3E5C-4BA6-92DF-0C31DB8C0D0A}"
EndProject
Global
	GlobalSection(SolutionConfigurationPlatforms) = preSolution
		Debug|Any CPU = Debug|Any CPU
		Release|Any CPU = Release|Any CPU
	EndGlobalSection
	GlobalSection(ProjectConfigurationPlatforms) = postSolution
		{359E18DB-3E5C-4BA6-92DF-0C31DB8C0D0A}.Debug|Any CPU.ActiveCfg = Debug|Any CPU
		{359E18DB-3E5C-4BA6-92DF-0C31DB8C0D0A}.Debug|Any CPU.Build.0 = Debug|Any CPU
		{359E18DB-3E5C-4BA6-92DF-0C31DB8C0D0A}.Release|Any CPU.ActiveCfg = Release|Any CPU
		{359E18DB-3E5C-4BA6-92DF-0C31DB8C0D0A}.Release|Any CPU.Build.0 = Release|Any CPU
	EndGlobalSection
	GlobalSection(SolutionProperties) = preSolution
		HideSolutionNode = FALSE
	EndGlobalSection
	GlobalSection(ExtensibilityGlobals) = postSolution
		SolutionGuid = {602D8ECD-77C4-4F28-8E3A-A967AF1CB2C9}
	EndGlobalSection
EndGlobal
